
Microsoft Visual Studio Solution File, Format Version 12.00
# Visual Studio Version 16
VisualStudioVersion = 16.0.29521.150
MinimumVisualStudioVersion = 10.0.40219.1
Project("{9A19103F-16F7-4668-BE54-9A1E7A4F7556}") = "M6T.Core.TupleModelBinder", "M6T.Core.TupleModelBinder\M6T.Core.TupleModelBinder.csproj", "{3ACA1562-39D8-4388-A58B-69E0FB5D7167}"
EndProject
Project("{FAE04EC0-301F-11D3-BF4B-00C04F79EFBC}") = "ModelBinderTests", "ModelBinderTests\ModelBinderTests.csproj", "{74F8ABBE-76D0-4020-BCA2-FAED96BA25DF}"
EndProject
Global
	GlobalSection(SolutionConfigurationPlatforms) = preSolution
		Debug|Any CPU = Debug|Any CPU
		Release|Any CPU = Release|Any CPU
	EndGlobalSection
	GlobalSection(ProjectConfigurationPlatforms) = postSolution
		{3ACA1562-39D8-4388-A58B-69E0FB5D7167}.Debug|Any CPU.ActiveCfg = Debug|Any CPU
		{3ACA1562-39D8-4388-A58B-69E0FB5D7167}.Debug|Any CPU.Build.0 = Debug|Any CPU
		{3ACA1562-39D8-4388-A58B-69E0FB5D7167}.Release|Any CPU.ActiveCfg = Release|Any CPU
		{3ACA1562-39D8-4388-A58B-69E0FB5D7167}.Release|Any CPU.Build.0 = Release|Any CPU
		{74F8ABBE-76D0-4020-BCA2-FAED96BA25DF}.Debug|Any CPU.ActiveCfg = Debug|Any CPU
		{74F8ABBE-76D0-4020-BCA2-FAED96BA25DF}.Debug|Any CPU.Build.0 = Debug|Any CPU
		{74F8ABBE-76D0-4020-BCA2-FAED96BA25DF}.Release|Any CPU.ActiveCfg = Release|Any CPU
		{74F8ABBE-76D0-4020-BCA2-FAED96BA25DF}.Release|Any CPU.Build.0 = Release|Any CPU
	EndGlobalSection
	GlobalSection(SolutionProperties) = preSolution
		HideSolutionNode = FALSE
	EndGlobalSection
	GlobalSection(ExtensibilityGlobals) = postSolution
		SolutionGuid = {CB8ED4C3-D744-4E94-A2C9-28D9F583627C}
	EndGlobalSection
EndGlobal
